// !$*UTF8*$!
{
	archiveVersion = 1;
	classes = {
	};
	objectVersion = 50;
	objects = {

/* Begin PBXBuildFile section */
		2A164E5E2362CD8A0076BF33 /* LandmarkRow.swift in Sources */ = {isa = PBXBuildFile; fileRef = 2A164E5D2362CD8A0076BF33 /* LandmarkRow.swift */; };
		2A4F92BD236310FF00B105B7 /* LandmarkList.swift in Sources */ = {isa = PBXBuildFile; fileRef = 2A4F92BC236310FF00B105B7 /* LandmarkList.swift */; };
		2A4F92BF2363177500B105B7 /* Data.swift in Sources */ = {isa = PBXBuildFile; fileRef = 2A4F92BE2363177500B105B7 /* Data.swift */; };
		2AFF0C3D2361A59C006A087F /* AppDelegate.swift in Sources */ = {isa = PBXBuildFile; fileRef = 2AFF0C3C2361A59C006A087F /* AppDelegate.swift */; };
		2AFF0C3F2361A59C006A087F /* SceneDelegate.swift in Sources */ = {isa = PBXBuildFile; fileRef = 2AFF0C3E2361A59C006A087F /* SceneDelegate.swift */; };
		2AFF0C412361A59C006A087F /* LandmarkDetail.swift in Sources */ = {isa = PBXBuildFile; fileRef = 2AFF0C402361A59C006A087F /* LandmarkDetail.swift */; };
		2AFF0C432361A59D006A087F /* Assets.xcassets in Resources */ = {isa = PBXBuildFile; fileRef = 2AFF0C422361A59D006A087F /* Assets.xcassets */; };
		2AFF0C462361A59D006A087F /* Preview Assets.xcassets in Resources */ = {isa = PBXBuildFile; fileRef = 2AFF0C452361A59D006A087F /* Preview Assets.xcassets */; };
		2AFF0C492361A59D006A087F /* LaunchScreen.storyboard in Resources */ = {isa = PBXBuildFile; fileRef = 2AFF0C472361A59D006A087F /* LaunchScreen.storyboard */; };
		2AFF0C532361CCF5006A087F /* ARCMapView.swift in Sources */ = {isa = PBXBuildFile; fileRef = 2AFF0C522361CCF5006A087F /* ARCMapView.swift */; };
		2AFF0C552361D5EC006A087F /* ARCLogoImageView.swift in Sources */ = {isa = PBXBuildFile; fileRef = 2AFF0C542361D5EC006A087F /* ARCLogoImageView.swift */; };
		2AFF0C572361E041006A087F /* landmarkData.json in Resources */ = {isa = PBXBuildFile; fileRef = 2AFF0C562361E041006A087F /* landmarkData.json */; };
		2AFF0C5A2361E250006A087F /* Landmark.swift in Sources */ = {isa = PBXBuildFile; fileRef = 2AFF0C592361E250006A087F /* Landmark.swift */; };
/* End PBXBuildFile section */

/* Begin PBXFileReference section */
		2A164E5D2362CD8A0076BF33 /* LandmarkRow.swift */ = {isa = PBXFileReference; lastKnownFileType = sourcecode.swift; path = LandmarkRow.swift; sourceTree = "<group>"; };
		2A4F92BC236310FF00B105B7 /* LandmarkList.swift */ = {isa = PBXFileReference; lastKnownFileType = sourcecode.swift; path = LandmarkList.swift; sourceTree = "<group>"; };
		2A4F92BE2363177500B105B7 /* Data.swift */ = {isa = PBXFileReference; lastKnownFileType = sourcecode.swift; path = Data.swift; sourceTree = "<group>"; };
		2AFF0C392361A59C006A087F /* SwiftUIDemo.app */ = {isa = PBXFileReference; explicitFileType = wrapper.application; includeInIndex = 0; path = SwiftUIDemo.app; sourceTree = BUILT_PRODUCTS_DIR; };
		2AFF0C3C2361A59C006A087F /* AppDelegate.swift */ = {isa = PBXFileReference; lastKnownFileType = sourcecode.swift; path = AppDelegate.swift; sourceTree = "<group>"; };
		2AFF0C3E2361A59C006A087F /* SceneDelegate.swift */ = {isa = PBXFileReference; lastKnownFileType = sourcecode.swift; path = SceneDelegate.swift; sourceTree = "<group>"; };
		2AFF0C402361A59C006A087F /* LandmarkDetail.swift */ = {isa = PBXFileReference; lastKnownFileType = sourcecode.swift; path = LandmarkDetail.swift; sourceTree = "<group>"; };
		2AFF0C422361A59D006A087F /* Assets.xcassets */ = {isa = PBXFileReference; lastKnownFileType = folder.assetcatalog; path = Assets.xcassets; sourceTree = "<group>"; };
		2AFF0C452361A59D006A087F /* Preview Assets.xcassets */ = {isa = PBXFileReference; lastKnownFileType = folder.assetcatalog; path = "Preview Assets.xcassets"; sourceTree = "<group>"; };
		2AFF0C482361A59D006A087F /* Base */ = {isa = PBXFileReference; lastKnownFileType = file.storyboard; name = Base; path = Base.lproj/LaunchScreen.storyboard; sourceTree = "<group>"; };
		2AFF0C4A2361A59D006A087F /* Info.plist */ = {isa = PBXFileReference; lastKnownFileType = text.plist.xml; path = Info.plist; sourceTree = "<group>"; };
		2AFF0C522361CCF5006A087F /* ARCMapView.swift */ = {isa = PBXFileReference; lastKnownFileType = sourcecode.swift; path = ARCMapView.swift; sourceTree = "<group>"; };
		2AFF0C542361D5EC006A087F /* ARCLogoImageView.swift */ = {isa = PBXFileReference; lastKnownFileType = sourcecode.swift; path = ARCLogoImageView.swift; sourceTree = "<group>"; };
		2AFF0C562361E041006A087F /* landmarkData.json */ = {isa = PBXFileReference; fileEncoding = 4; lastKnownFileType = text.json; path = landmarkData.json; sourceTree = "<group>"; };
		2AFF0C592361E250006A087F /* Landmark.swift */ = {isa = PBXFileReference; lastKnownFileType = sourcecode.swift; path = Landmark.swift; sourceTree = "<group>"; };
/* End PBXFileReference section */

/* Begin PBXFrameworksBuildPhase section */
		2AFF0C362361A59C006A087F /* Frameworks */ = {
			isa = PBXFrameworksBuildPhase;
			buildActionMask = 2147483647;
			files = (
			);
			runOnlyForDeploymentPostprocessing = 0;
		};
/* End PBXFrameworksBuildPhase section */

/* Begin PBXGroup section */
		2AFF0C302361A59C006A087F = {
			isa = PBXGroup;
			children = (
				2AFF0C3B2361A59C006A087F /* SwiftUIDemo */,
				2AFF0C3A2361A59C006A087F /* Products */,
			);
			sourceTree = "<group>";
		};
		2AFF0C3A2361A59C006A087F /* Products */ = {
			isa = PBXGroup;
			children = (
				2AFF0C392361A59C006A087F /* SwiftUIDemo.app */,
			);
			name = Products;
			sourceTree = "<group>";
		};
		2AFF0C3B2361A59C006A087F /* SwiftUIDemo */ = {
			isa = PBXGroup;
			children = (
				2AFF0C562361E041006A087F /* landmarkData.json */,
				2AFF0C582361E22D006A087F /* Model */,
				2AFF0C3C2361A59C006A087F /* AppDelegate.swift */,
				2AFF0C3E2361A59C006A087F /* SceneDelegate.swift */,
				2AFF0C402361A59C006A087F /* LandmarkDetail.swift */,
				2A164E5D2362CD8A0076BF33 /* LandmarkRow.swift */,
				2A4F92BC236310FF00B105B7 /* LandmarkList.swift */,
				2AFF0C542361D5EC006A087F /* ARCLogoImageView.swift */,
				2AFF0C522361CCF5006A087F /* ARCMapView.swift */,
				2AFF0C422361A59D006A087F /* Assets.xcassets */,
				2AFF0C472361A59D006A087F /* LaunchScreen.storyboard */,
				2AFF0C4A2361A59D006A087F /* Info.plist */,
				2AFF0C442361A59D006A087F /* Preview Content */,
			);
			path = SwiftUIDemo;
			sourceTree = "<group>";
		};
		2AFF0C442361A59D006A087F /* Preview Content */ = {
			isa = PBXGroup;
			children = (
				2AFF0C452361A59D006A087F /* Preview Assets.xcassets */,
			);
			path = "Preview Content";
			sourceTree = "<group>";
		};
		2AFF0C582361E22D006A087F /* Model */ = {
			isa = PBXGroup;
			children = (
				2AFF0C592361E250006A087F /* Landmark.swift */,
				2A4F92BE2363177500B105B7 /* Data.swift */,
			);
			path = Model;
			sourceTree = "<group>";
		};
/* End PBXGroup section */

/* Begin PBXNativeTarget section */
		2AFF0C382361A59C006A087F /* SwiftUIDemo */ = {
			isa = PBXNativeTarget;
			buildConfigurationList = 2AFF0C4D2361A59D006A087F /* Build configuration list for PBXNativeTarget "SwiftUIDemo" */;
			buildPhases = (
				2AFF0C352361A59C006A087F /* Sources */,
				2AFF0C362361A59C006A087F /* Frameworks */,
				2AFF0C372361A59C006A087F /* Resources */,
			);
			buildRules = (
			);
			dependencies = (
			);
			name = SwiftUIDemo;
			productName = SwiftUIDemo;
			productReference = 2AFF0C392361A59C006A087F /* SwiftUIDemo.app */;
			productType = "com.apple.product-type.application";
		};
/* End PBXNativeTarget section */

/* Begin PBXProject section */
		2AFF0C312361A59C006A087F /* Project object */ = {
			isa = PBXProject;
			attributes = {
				LastSwiftUpdateCheck = 1110;
				LastUpgradeCheck = 1110;
				ORGANIZATIONNAME = "Subhra Roy";
				TargetAttributes = {
					2AFF0C382361A59C006A087F = {
						CreatedOnToolsVersion = 11.1;
					};
				};
			};
			buildConfigurationList = 2AFF0C342361A59C006A087F /* Build configuration list for PBXProject "SwiftUIDemo" */;
			compatibilityVersion = "Xcode 9.3";
			developmentRegion = en;
			hasScannedForEncodings = 0;
			knownRegions = (
				en,
				Base,
			);
			mainGroup = 2AFF0C302361A59C006A087F;
			productRefGroup = 2AFF0C3A2361A59C006A087F /* Products */;
			projectDirPath = "";
			projectRoot = "";
			targets = (
				2AFF0C382361A59C006A087F /* SwiftUIDemo */,
			);
		};
/* End PBXProject section */

/* Begin PBXResourcesBuildPhase section */
		2AFF0C372361A59C006A087F /* Resources */ = {
			isa = PBXResourcesBuildPhase;
			buildActionMask = 2147483647;
			files = (
				2AFF0C492361A59D006A087F /* LaunchScreen.storyboard in Resources */,
				2AFF0C572361E041006A087F /* landmarkData.json in Resources */,
				2AFF0C462361A59D006A087F /* Preview Assets.xcassets in Resources */,
				2AFF0C432361A59D006A087F /* Assets.xcassets in Resources */,
			);
			runOnlyForDeploymentPostprocessing = 0;
		};
/* End PBXResourcesBuildPhase section */

/* Begin PBXSourcesBuildPhase section */
		2AFF0C352361A59C006A087F /* Sources */ = {
			isa = PBXSourcesBuildPhase;
			buildActionMask = 2147483647;
			files = (
				2AFF0C552361D5EC006A087F /* ARCLogoImageView.swift in Sources */,
				2A4F92BF2363177500B105B7 /* Data.swift in Sources */,
				2AFF0C532361CCF5006A087F /* ARCMapView.swift in Sources */,
				2AFF0C3D2361A59C006A087F /* AppDelegate.swift in Sources */,
				2AFF0C3F2361A59C006A087F /* SceneDelegate.swift in Sources */,
				2A4F92BD236310FF00B105B7 /* LandmarkList.swift in Sources */,
				2AFF0C412361A59C006A087F /* LandmarkDetail.swift in Sources */,
				2A164E5E2362CD8A0076BF33 /* LandmarkRow.swift in Sources */,
				2AFF0C5A2361E250006A087F /* Landmark.swift in Sources */,
			);
			runOnlyForDeploymentPostprocessing = 0;
		};
/* End PBXSourcesBuildPhase section */

/* Begin PBXVariantGroup section */
		2AFF0C472361A59D006A087F /* LaunchScreen.storyboard */ = {
			isa = PBXVariantGroup;
			children = (
				2AFF0C482361A59D006A087F /* Base */,
			);
			name = LaunchScreen.storyboard;
			sourceTree = "<group>";
		};
/* End PBXVariantGroup section */

/* Begin XCBuildConfiguration section */
		2AFF0C4B2361A59D006A087F /* Debug */ = {
			isa = XCBuildConfiguration;
			buildSettings = {
				ALWAYS_SEARCH_USER_PATHS = NO;
				CLANG_ANALYZER_NONNULL = YES;
				CLANG_ANALYZER_NUMBER_OBJECT_CONVERSION = YES_AGGRESSIVE;
				CLANG_CXX_LANGUAGE_STANDARD = "gnu++14";
				CLANG_CXX_LIBRARY = "libc++";
				CLANG_ENABLE_MODULES = YES;
				CLANG_ENABLE_OBJC_ARC = YES;
				CLANG_ENABLE_OBJC_WEAK = YES;
				CLANG_WARN_BLOCK_CAPTURE_AUTORELEASING = YES;
				CLANG_WARN_BOOL_CONVERSION = YES;
				CLANG_WARN_COMMA = YES;
				CLANG_WARN_CONSTANT_CONVERSION = YES;
				CLANG_WARN_DEPRECATED_OBJC_IMPLEMENTATIONS = YES;
				CLANG_WARN_DIRECT_OBJC_ISA_USAGE = YES_ERROR;
				CLANG_WARN_DOCUMENTATION_COMMENTS = YES;
				CLANG_WARN_EMPTY_BODY = YES;
				CLANG_WARN_ENUM_CONVERSION = YES;
				CLANG_WARN_INFINITE_RECURSION = YES;
				CLANG_WARN_INT_CONVERSION = YES;
				CLANG_WARN_NON_LITERAL_NULL_CONVERSION = YES;
				CLANG_WARN_OBJC_IMPLICIT_RETAIN_SELF = YES;
				CLANG_WARN_OBJC_LITERAL_CONVERSION = YES;
				CLANG_WARN_OBJC_ROOT_CLASS = YES_ERROR;
				CLANG_WARN_RANGE_LOOP_ANALYSIS = YES;
				CLANG_WARN_STRICT_PROTOTYPES = YES;
				CLANG_WARN_SUSPICIOUS_MOVE = YES;
				CLANG_WARN_UNGUARDED_AVAILABILITY = YES_AGGRESSIVE;
				CLANG_WARN_UNREACHABLE_CODE = YES;
				CLANG_WARN__DUPLICATE_METHOD_MATCH = YES;
				COPY_PHASE_STRIP = NO;
				DEBUG_INFORMATION_FORMAT = dwarf;
				ENABLE_STRICT_OBJC_MSGSEND = YES;
				ENABLE_TESTABILITY = YES;
				GCC_C_LANGUAGE_STANDARD = gnu11;
				GCC_DYNAMIC_NO_PIC = NO;
				GCC_NO_COMMON_BLOCKS = YES;
				GCC_OPTIMIZATION_LEVEL = 0;
				GCC_PREPROCESSOR_DEFINITIONS = (
					"DEBUG=1",
					"$(inherited)",
				);
				GCC_WARN_64_TO_32_BIT_CONVERSION = YES;
				GCC_WARN_ABOUT_RETURN_TYPE = YES_ERROR;
				GCC_WARN_UNDECLARED_SELECTOR = YES;
				GCC_WARN_UNINITIALIZED_AUTOS = YES_AGGRESSIVE;
				GCC_WARN_UNUSED_FUNCTION = YES;
				GCC_WARN_UNUSED_VARIABLE = YES;
				IPHONEOS_DEPLOYMENT_TARGET = 13.1;
				MTL_ENABLE_DEBUG_INFO = INCLUDE_SOURCE;
				MTL_FAST_MATH = YES;
				ONLY_ACTIVE_ARCH = YES;
				SDKROOT = iphoneos;
				SWIFT_ACTIVE_COMPILATION_CONDITIONS = DEBUG;
				SWIFT_OPTIMIZATION_LEVEL = "-Onone";
			};
			name = Debug;
		};
		2AFF0C4C2361A59D006A087F /* Release */ = {
			isa = XCBuildConfiguration;
			buildSettings = {
				ALWAYS_SEARCH_USER_PATHS = NO;
				CLANG_ANALYZER_NONNULL = YES;
				CLANG_ANALYZER_NUMBER_OBJECT_CONVERSION = YES_AGGRESSIVE;
				CLANG_CXX_LANGUAGE_STANDARD = "gnu++14";
				CLANG_CXX_LIBRARY = "libc++";
				CLANG_ENABLE_MODULES = YES;
				CLANG_ENABLE_OBJC_ARC = YES;
				CLANG_ENABLE_OBJC_WEAK = YES;
				CLANG_WARN_BLOCK_CAPTURE_AUTORELEASING = YES;
				CLANG_WARN_BOOL_CONVERSION = YES;
				CLANG_WARN_COMMA = YES;
				CLANG_WARN_CONSTANT_CONVERSION = YES;
				CLANG_WARN_DEPRECATED_OBJC_IMPLEMENTATIONS = YES;
				CLANG_WARN_DIRECT_OBJC_ISA_USAGE = YES_ERROR;
				CLANG_WARN_DOCUMENTATION_COMMENTS = YES;
				CLANG_WARN_EMPTY_BODY = YES;
				CLANG_WARN_ENUM_CONVERSION = YES;
				CLANG_WARN_INFINITE_RECURSION = YES;
				CLANG_WARN_INT_CONVERSION = YES;
				CLANG_WARN_NON_LITERAL_NULL_CONVERSION = YES;
				CLANG_WARN_OBJC_IMPLICIT_RETAIN_SELF = YES;
				CLANG_WARN_OBJC_LITERAL_CONVERSION = YES;
				CLANG_WARN_OBJC_ROOT_CLASS = YES_ERROR;
				CLANG_WARN_RANGE_LOOP_ANALYSIS = YES;
				CLANG_WARN_STRICT_PROTOTYPES = YES;
				CLANG_WARN_SUSPICIOUS_MOVE = YES;
				CLANG_WARN_UNGUARDED_AVAILABILITY = YES_AGGRESSIVE;
				CLANG_WARN_UNREACHABLE_CODE = YES;
				CLANG_WARN__DUPLICATE_METHOD_MATCH = YES;
				COPY_PHASE_STRIP = NO;
				DEBUG_INFORMATION_FORMAT = "dwarf-with-dsym";
				ENABLE_NS_ASSERTIONS = NO;
				ENABLE_STRICT_OBJC_MSGSEND = YES;
				GCC_C_LANGUAGE_STANDARD = gnu11;
				GCC_NO_COMMON_BLOCKS = YES;
				GCC_WARN_64_TO_32_BIT_CONVERSION = YES;
				GCC_WARN_ABOUT_RETURN_TYPE = YES_ERROR;
				GCC_WARN_UNDECLARED_SELECTOR = YES;
				GCC_WARN_UNINITIALIZED_AUTOS = YES_AGGRESSIVE;
				GCC_WARN_UNUSED_FUNCTION = YES;
				GCC_WARN_UNUSED_VARIABLE = YES;
				IPHONEOS_DEPLOYMENT_TARGET = 13.1;
				MTL_ENABLE_DEBUG_INFO = NO;
				MTL_FAST_MATH = YES;
				SDKROOT = iphoneos;
				SWIFT_COMPILATION_MODE = wholemodule;
				SWIFT_OPTIMIZATION_LEVEL = "-O";
				VALIDATE_PRODUCT = YES;
			};
			name = Release;
		};
		2AFF0C4E2361A59D006A087F /* Debug */ = {
			isa = XCBuildConfiguration;
			buildSettings = {
				ASSETCATALOG_COMPILER_APPICON_NAME = AppIcon;
				CODE_SIGN_STYLE = Automatic;
				DEVELOPMENT_ASSET_PATHS = "\"SwiftUIDemo/Preview Content\"";
				DEVELOPMENT_TEAM = 3QCVS5M6Q4;
				ENABLE_PREVIEWS = YES;
				INFOPLIST_FILE = SwiftUIDemo/Info.plist;
				LD_RUNPATH_SEARCH_PATHS = (
					"$(inherited)",
					"@executable_path/Frameworks",
				);
				PRODUCT_BUNDLE_IDENTIFIER = com.demo.SwiftUIDemo;
				PRODUCT_NAME = "$(TARGET_NAME)";
				SWIFT_VERSION = 5.0;
				TARGETED_DEVICE_FAMILY = "1,2";
			};
			name = Debug;
		};
		2AFF0C4F2361A59D006A087F /* Release */ = {
			isa = XCBuildConfiguration;
			buildSettings = {
				ASSETCATALOG_COMPILER_APPICON_NAME = AppIcon;
				CODE_SIGN_STYLE = Automatic;
				DEVELOPMENT_ASSET_PATHS = "\"SwiftUIDemo/Preview Content\"";
				DEVELOPMENT_TEAM = 3QCVS5M6Q4;
				ENABLE_PREVIEWS = YES;
				INFOPLIST_FILE = SwiftUIDemo/Info.plist;
				LD_RUNPATH_SEARCH_PATHS = (
					"$(inherited)",
					"@executable_path/Frameworks",
				);
				PRODUCT_BUNDLE_IDENTIFIER = com.demo.SwiftUIDemo;
				PRODUCT_NAME = "$(TARGET_NAME)";
				SWIFT_VERSION = 5.0;
				TARGETED_DEVICE_FAMILY = "1,2";
			};
			name = Release;
		};
/* End XCBuildConfiguration section */

/* Begin XCConfigurationList section */
		2AFF0C342361A59C006A087F /* Build configuration list for PBXProject "SwiftUIDemo" */ = {
			isa = XCConfigurationList;
			buildConfigurations = (
				2AFF0C4B2361A59D006A087F /* Debug */,
				2AFF0C4C2361A59D006A087F /* Release */,
			);
			defaultConfigurationIsVisible = 0;
			defaultConfigurationName = Release;
		};
		2AFF0C4D2361A59D006A087F /* Build configuration list for PBXNativeTarget "SwiftUIDemo" */ = {
			isa = XCConfigurationList;
			buildConfigurations = (
				2AFF0C4E2361A59D006A087F /* Debug */,
				2AFF0C4F2361A59D006A087F /* Release */,
			);
			defaultConfigurationIsVisible = 0;
			defaultConfigurationName = Release;
		};
/* End XCConfigurationList section */
	};
	rootObject = 2AFF0C312361A59C006A087F /* Project object */;
}
